
Microsoft Visual Studio Solution File, Format Version 12.00
# Visual Studio 2013
VisualStudioVersion = 12.0.31101.0
MinimumVisualStudioVersion = 10.0.40219.1
Project("{FAE04EC0-301F-11D3-BF4B-00C04F79EFBC}") = "ManlyManFood", "ManlyManFood\ManlyManFood.csproj", "{FFA50972-0401-4DC6-A9E5-41B116356411}"
EndProject
Project("{2150E333-8FDC-42A3-9474-1A3956D46DE8}") = "PublishScripts", "PublishScripts", "{057E81B2-B819-444D-BB52-BE5BF5D73116}"
	ProjectSection(SolutionItems) = preProject
		PublishScripts\AzureWebsitePublishModule.psm1 = PublishScripts\AzureWebsitePublishModule.psm1
		PublishScripts\Publish-WebApplicationWebsite.ps1 = PublishScripts\Publish-WebApplicationWebsite.ps1
	EndProjectSection
EndProject
Project("{2150E333-8FDC-42A3-9474-1A3956D46DE8}") = "Configurations", "Configurations", "{FC7ABBB9-C14B-42CA-AD08-059AD73D2B02}"
	ProjectSection(SolutionItems) = preProject
		PublishScripts\Configurations\ManlyManFood-WAWS-dev.json = PublishScripts\Configurations\ManlyManFood-WAWS-dev.json
	EndProjectSection
EndProject
Global
	GlobalSection(SolutionConfigurationPlatforms) = preSolution
		Debug|Any CPU = Debug|Any CPU
		Release|Any CPU = Release|Any CPU
	EndGlobalSection
	GlobalSection(ProjectConfigurationPlatforms) = postSolution
		{FFA50972-0401-4DC6-A9E5-41B116356411}.Debug|Any CPU.ActiveCfg = Debug|Any CPU
		{FFA50972-0401-4DC6-A9E5-41B116356411}.Debug|Any CPU.Build.0 = Debug|Any CPU
		{FFA50972-0401-4DC6-A9E5-41B116356411}.Release|Any CPU.ActiveCfg = Release|Any CPU
		{FFA50972-0401-4DC6-A9E5-41B116356411}.Release|Any CPU.Build.0 = Release|Any CPU
	EndGlobalSection
	GlobalSection(SolutionProperties) = preSolution
		HideSolutionNode = FALSE
	EndGlobalSection
	GlobalSection(NestedProjects) = preSolution
		{FC7ABBB9-C14B-42CA-AD08-059AD73D2B02} = {057E81B2-B819-444D-BB52-BE5BF5D73116}
	EndGlobalSection
EndGlobal
